{
  "nodes": {
    "microboard": {
      "inputs": {
        "nixpkgs": [
          "nixpkgs"
        ]
      },
      "locked": {
        "lastModified": 1692551759,
        "narHash": "sha256-7/7LYVSnjlAgQqKy5kBV/qOGpv9jKpGMb5fuG7svKFw=",
        "owner": "ordinary-dev",
        "repo": "microboard",
        "rev": "f4e7efc5700559195b4166830a44be672a9c1851",
        "type": "github"
      },
      "original": {
        "owner": "ordinary-dev",
        "repo": "microboard",
        "type": "github"
      }
    },
    "nixpkgs": {
      "locked": {
        "lastModified": 1691592289,
        "narHash": "sha256-Lqpw7lrXlLkYra33tp57ms8tZ0StWhbcl80vk4D90F8=",
        "owner": "NixOS",
        "repo": "nixpkgs",
        "rev": "9034b46dc4c7596a87ab837bb8a07ef2d887e8c7",
        "type": "github"
      },
      "original": {
        "owner": "NixOS",
        "ref": "nixos-23.05",
        "repo": "nixpkgs",
        "type": "github"
      }
    },
    "root": {
      "inputs": {
        "microboard": "microboard",
        "nixpkgs": "nixpkgs"
      }
    }
  },
  "root": "root",
  "version": 7
}
